
Microsoft Visual Studio Solution File, Format Version 12.00
# Visual Studio Version 16
VisualStudioVersion = 16.0.31205.134
MinimumVisualStudioVersion = 10.0.40219.1
Project("{FAE04EC0-301F-11D3-BF4B-00C04F79EFBC}") = "ECommerce.PL", "ECommerce.PL.csproj", "{24696D45-4F49-4326-ABBA-C6E18ED98551}"
EndProject
Project("{FAE04EC0-301F-11D3-BF4B-00C04F79EFBC}") = "ECommerce.BLL", "..\ECommerce.BLL\ECommerce.BLL.csproj", "{A6C76977-27EC-4459-A0BA-7DBFF08BE68F}"
EndProject
Project("{FAE04EC0-301F-11D3-BF4B-00C04F79EFBC}") = "ECommerce.DAL", "..\ECommerce.DAL\ECommerce.DAL.csproj", "{6AF04952-DC68-4C11-AA35-E2DF82BD35C1}"
EndProject
Global
	GlobalSection(SolutionConfigurationPlatforms) = preSolution
		Debug|Any CPU = Debug|Any CPU
		Release|Any CPU = Release|Any CPU
	EndGlobalSection
	GlobalSection(ProjectConfigurationPlatforms) = postSolution
		{24696D45-4F49-4326-ABBA-C6E18ED98551}.Debug|Any CPU.ActiveCfg = Debug|Any CPU
		{24696D45-4F49-4326-ABBA-C6E18ED98551}.Debug|Any CPU.Build.0 = Debug|Any CPU
		{24696D45-4F49-4326-ABBA-C6E18ED98551}.Release|Any CPU.ActiveCfg = Release|Any CPU
		{24696D45-4F49-4326-ABBA-C6E18ED98551}.Release|Any CPU.Build.0 = Release|Any CPU
		{A6C76977-27EC-4459-A0BA-7DBFF08BE68F}.Debug|Any CPU.ActiveCfg = Debug|Any CPU
		{A6C76977-27EC-4459-A0BA-7DBFF08BE68F}.Debug|Any CPU.Build.0 = Debug|Any CPU
		{A6C76977-27EC-4459-A0BA-7DBFF08BE68F}.Release|Any CPU.ActiveCfg = Release|Any CPU
		{A6C76977-27EC-4459-A0BA-7DBFF08BE68F}.Release|Any CPU.Build.0 = Release|Any CPU
		{6AF04952-DC68-4C11-AA35-E2DF82BD35C1}.Debug|Any CPU.ActiveCfg = Debug|Any CPU
		{6AF04952-DC68-4C11-AA35-E2DF82BD35C1}.Debug|Any CPU.Build.0 = Debug|Any CPU
		{6AF04952-DC68-4C11-AA35-E2DF82BD35C1}.Release|Any CPU.ActiveCfg = Release|Any CPU
		{6AF04952-DC68-4C11-AA35-E2DF82BD35C1}.Release|Any CPU.Build.0 = Release|Any CPU
	EndGlobalSection
	GlobalSection(SolutionProperties) = preSolution
		HideSolutionNode = FALSE
	EndGlobalSection
	GlobalSection(ExtensibilityGlobals) = postSolution
		SolutionGuid = {F7314676-A50B-410F-9F9D-B67601CFCEF0}
	EndGlobalSection
EndGlobal
